// !$*UTF8*$!
{
	archiveVersion = 1;
	classes = {
	};
	objectVersion = 50;
	objects = {

/* Begin PBXBuildFile section */
		A895A56F27AAE6B200FFA2AA /* AppDelegate.swift in Sources */ = {isa = PBXBuildFile; fileRef = A895A56E27AAE6B200FFA2AA /* AppDelegate.swift */; };
		A895A57127AAE6B200FFA2AA /* SceneDelegate.swift in Sources */ = {isa = PBXBuildFile; fileRef = A895A57027AAE6B200FFA2AA /* SceneDelegate.swift */; };
		A895A57327AAE6B200FFA2AA /* ListViewController.swift in Sources */ = {isa = PBXBuildFile; fileRef = A895A57227AAE6B200FFA2AA /* ListViewController.swift */; };
		A895A57827AAE6B400FFA2AA /* Assets.xcassets in Resources */ = {isa = PBXBuildFile; fileRef = A895A57727AAE6B400FFA2AA /* Assets.xcassets */; };
		A895A57B27AAE6B400FFA2AA /* LaunchScreen.storyboard in Resources */ = {isa = PBXBuildFile; fileRef = A895A57927AAE6B400FFA2AA /* LaunchScreen.storyboard */; };
		A895A58627AAE6B400FFA2AA /* MarvelListTests.swift in Sources */ = {isa = PBXBuildFile; fileRef = A895A58527AAE6B400FFA2AA /* MarvelListTests.swift */; };
		A895A59127AAE6B500FFA2AA /* MarvelListUITests.swift in Sources */ = {isa = PBXBuildFile; fileRef = A895A59027AAE6B500FFA2AA /* MarvelListUITests.swift */; };
		A895A5AA27AAF50000FFA2AA /* HeroEntity.swift in Sources */ = {isa = PBXBuildFile; fileRef = A895A5A927AAF50000FFA2AA /* HeroEntity.swift */; };
		A895A5AE27AAF61A00FFA2AA /* HeroesRestApi.swift in Sources */ = {isa = PBXBuildFile; fileRef = A895A5AD27AAF61A00FFA2AA /* HeroesRestApi.swift */; };
		A895A5B427AAF6D000FFA2AA /* HeroesNSURLRestApi.swift in Sources */ = {isa = PBXBuildFile; fileRef = A895A5B327AAF6D000FFA2AA /* HeroesNSURLRestApi.swift */; };
		A895A5B927AAF73700FFA2AA /* ErrorEntity.swift in Sources */ = {isa = PBXBuildFile; fileRef = A895A5B827AAF73700FFA2AA /* ErrorEntity.swift */; };
		A895A5BC27AAF82E00FFA2AA /* HTTPMethod.swift in Sources */ = {isa = PBXBuildFile; fileRef = A895A5BB27AAF82E00FFA2AA /* HTTPMethod.swift */; };
		A895A5BE27AAF8F200FFA2AA /* DataEntity.swift in Sources */ = {isa = PBXBuildFile; fileRef = A895A5BD27AAF8F200FFA2AA /* DataEntity.swift */; };
		A895A5C427AAFA8B00FFA2AA /* ListEntity.swift in Sources */ = {isa = PBXBuildFile; fileRef = A895A5C327AAFA8B00FFA2AA /* ListEntity.swift */; };
		A895A5C927AAFEED00FFA2AA /* HeroesRepository.swift in Sources */ = {isa = PBXBuildFile; fileRef = A895A5C827AAFEED00FFA2AA /* HeroesRepository.swift */; };
		A895A5CB27AAFF2300FFA2AA /* HeroesApiRepository.swift in Sources */ = {isa = PBXBuildFile; fileRef = A895A5CA27AAFF2300FFA2AA /* HeroesApiRepository.swift */; };
		A895A5CF27AAFFD500FFA2AA /* ErrorModel.swift in Sources */ = {isa = PBXBuildFile; fileRef = A895A5CE27AAFFD500FFA2AA /* ErrorModel.swift */; };
		A895A5D227AB003600FFA2AA /* Hero.swift in Sources */ = {isa = PBXBuildFile; fileRef = A895A5D127AB003600FFA2AA /* Hero.swift */; };
		A895A5D427AB00BB00FFA2AA /* Mapper.swift in Sources */ = {isa = PBXBuildFile; fileRef = A895A5D327AB00BB00FFA2AA /* Mapper.swift */; };
		A895A5D727AB018100FFA2AA /* HeroModelToEntityMapper.swift in Sources */ = {isa = PBXBuildFile; fileRef = A895A5D627AB018100FFA2AA /* HeroModelToEntityMapper.swift */; };
		A895A5D927AB03BC00FFA2AA /* ErrorModelToEntityMapper.swift in Sources */ = {isa = PBXBuildFile; fileRef = A895A5D827AB03BC00FFA2AA /* ErrorModelToEntityMapper.swift */; };
		A895A5DD27AB05D600FFA2AA /* UseCase.swift in Sources */ = {isa = PBXBuildFile; fileRef = A895A5DC27AB05D600FFA2AA /* UseCase.swift */; };
		A895A5DF27AB064300FFA2AA /* ShowHeroListUseCase.swift in Sources */ = {isa = PBXBuildFile; fileRef = A895A5DE27AB064300FFA2AA /* ShowHeroListUseCase.swift */; };
		A895A5E227AB070F00FFA2AA /* HeroesServiceLocator.swift in Sources */ = {isa = PBXBuildFile; fileRef = A895A5E127AB070F00FFA2AA /* HeroesServiceLocator.swift */; };
		A895A5E527AB08D000FFA2AA /* ListConstants.swift in Sources */ = {isa = PBXBuildFile; fileRef = A895A5E427AB08D000FFA2AA /* ListConstants.swift */; };
		A895A5E727AB09FF00FFA2AA /* ViewControllerFactory.swift in Sources */ = {isa = PBXBuildFile; fileRef = A895A5E627AB09FF00FFA2AA /* ViewControllerFactory.swift */; };
		A895A5EB27AB0A6100FFA2AA /* ViewControllerFactoryType.swift in Sources */ = {isa = PBXBuildFile; fileRef = A895A5EA27AB0A6100FFA2AA /* ViewControllerFactoryType.swift */; };
		A895A5ED27AB2BCB00FFA2AA /* ListData.swift in Sources */ = {isa = PBXBuildFile; fileRef = A895A5EC27AB2BCB00FFA2AA /* ListData.swift */; };
		A895A5EF27AB2C1A00FFA2AA /* ListModelToEntityMapper.swift in Sources */ = {isa = PBXBuildFile; fileRef = A895A5EE27AB2C1A00FFA2AA /* ListModelToEntityMapper.swift */; };
		A895A5F127AB2E5C00FFA2AA /* ListPresenterProtocol.swift in Sources */ = {isa = PBXBuildFile; fileRef = A895A5F027AB2E5C00FFA2AA /* ListPresenterProtocol.swift */; };
		A895A5F327AB2E7400FFA2AA /* ListPresenter.swift in Sources */ = {isa = PBXBuildFile; fileRef = A895A5F227AB2E7400FFA2AA /* ListPresenter.swift */; };
		A895A5F527AB2E8F00FFA2AA /* ListView.swift in Sources */ = {isa = PBXBuildFile; fileRef = A895A5F427AB2E8E00FFA2AA /* ListView.swift */; };
		A895A5F727AB39D800FFA2AA /* Typealias.swift in Sources */ = {isa = PBXBuildFile; fileRef = A895A5F627AB39D800FFA2AA /* Typealias.swift */; };
		A895A5FA27AB3B3500FFA2AA /* HeroListCell.swift in Sources */ = {isa = PBXBuildFile; fileRef = A895A5F927AB3B3500FFA2AA /* HeroListCell.swift */; };
		A895A5FD27AB424000FFA2AA /* ThumbnailLoader.swift in Sources */ = {isa = PBXBuildFile; fileRef = A895A5FC27AB424000FFA2AA /* ThumbnailLoader.swift */; };
		A895A5FF27AB693C00FFA2AA /* Digits.swift in Sources */ = {isa = PBXBuildFile; fileRef = A895A5FE27AB693C00FFA2AA /* Digits.swift */; };
		A895A60127AB699E00FFA2AA /* HeroListCellConstants.swift in Sources */ = {isa = PBXBuildFile; fileRef = A895A60027AB699E00FFA2AA /* HeroListCellConstants.swift */; };
		A895A60427AB6C3F00FFA2AA /* Constants.swift in Sources */ = {isa = PBXBuildFile; fileRef = A895A60327AB6C3F00FFA2AA /* Constants.swift */; };
		A895A60727AB6CD600FFA2AA /* DomainNetwork.swift in Sources */ = {isa = PBXBuildFile; fileRef = A895A60627AB6CD600FFA2AA /* DomainNetwork.swift */; };
		A895A60927AB6D5D00FFA2AA /* HeroesNetwork.swift in Sources */ = {isa = PBXBuildFile; fileRef = A895A60827AB6D5D00FFA2AA /* HeroesNetwork.swift */; };
		A895A60B27AB6DDE00FFA2AA /* Endpoint.swift in Sources */ = {isa = PBXBuildFile; fileRef = A895A60A27AB6DDD00FFA2AA /* Endpoint.swift */; };
		A895A60E27AB755100FFA2AA /* HeroListNSURLRestApiTests.swift in Sources */ = {isa = PBXBuildFile; fileRef = A895A60D27AB755100FFA2AA /* HeroListNSURLRestApiTests.swift */; };
		A895A61227AB75B200FFA2AA /* URLSessionMock.swift in Sources */ = {isa = PBXBuildFile; fileRef = A895A61027AB75B200FFA2AA /* URLSessionMock.swift */; };
		A895A61327AB75B200FFA2AA /* URLSessionDataTaskMock.swift in Sources */ = {isa = PBXBuildFile; fileRef = A895A61127AB75B200FFA2AA /* URLSessionDataTaskMock.swift */; };
		A895A61627AB766D00FFA2AA /* GET_getHeroes_200.json in Resources */ = {isa = PBXBuildFile; fileRef = A895A61527AB766D00FFA2AA /* GET_getHeroes_200.json */; };
		A895A61827AB7AFF00FFA2AA /* GET_getHeroes_400.json in Resources */ = {isa = PBXBuildFile; fileRef = A895A61727AB7AFF00FFA2AA /* GET_getHeroes_400.json */; };
		A895A61A27AB7CC400FFA2AA /* HeroListNetworkMock.swift in Sources */ = {isa = PBXBuildFile; fileRef = A895A61927AB7CC400FFA2AA /* HeroListNetworkMock.swift */; };
		A895A61C27AB812300FFA2AA /* HeroListNetworkTest.swift in Sources */ = {isa = PBXBuildFile; fileRef = A895A61B27AB812300FFA2AA /* HeroListNetworkTest.swift */; };
		A895A61F27AB823900FFA2AA /* HeroModelToEntityMapperTests.swift in Sources */ = {isa = PBXBuildFile; fileRef = A895A61E27AB823900FFA2AA /* HeroModelToEntityMapperTests.swift */; };
		A895A62227AB827500FFA2AA /* XCTestCase+JSONLoader.swift in Sources */ = {isa = PBXBuildFile; fileRef = A895A62127AB827500FFA2AA /* XCTestCase+JSONLoader.swift */; };
		A895A62427AB83AC00FFA2AA /* Equatables.swift in Sources */ = {isa = PBXBuildFile; fileRef = A895A62327AB83AC00FFA2AA /* Equatables.swift */; };
		A895A62627AB863200FFA2AA /* ListModelToEntityMapperTests.swift in Sources */ = {isa = PBXBuildFile; fileRef = A895A62527AB863200FFA2AA /* ListModelToEntityMapperTests.swift */; };
		A895A62A27AB86EA00FFA2AA /* HeroListApiRepositoryTest.swift in Sources */ = {isa = PBXBuildFile; fileRef = A895A62927AB86EA00FFA2AA /* HeroListApiRepositoryTest.swift */; };
		A895A62C27AB872000FFA2AA /* HeroListRestApiMock.swift in Sources */ = {isa = PBXBuildFile; fileRef = A895A62B27AB872000FFA2AA /* HeroListRestApiMock.swift */; };
		A895A63027AB8B2800FFA2AA /* ShowHeroListUseCaseTests.swift in Sources */ = {isa = PBXBuildFile; fileRef = A895A62F27AB8B2800FFA2AA /* ShowHeroListUseCaseTests.swift */; };
		A895A63227AB8B6700FFA2AA /* HeroListRepositoryMock.swift in Sources */ = {isa = PBXBuildFile; fileRef = A895A63127AB8B6700FFA2AA /* HeroListRepositoryMock.swift */; };
		A895A63527AB8EE100FFA2AA /* ListPresenterTests.swift in Sources */ = {isa = PBXBuildFile; fileRef = A895A63427AB8EE100FFA2AA /* ListPresenterTests.swift */; };
		A895A63727AB8F3300FFA2AA /* ShowHeroesUseCaseMock.swift in Sources */ = {isa = PBXBuildFile; fileRef = A895A63627AB8F3300FFA2AA /* ShowHeroesUseCaseMock.swift */; };
		A895A63927AB922800FFA2AA /* ListViewMock.swift in Sources */ = {isa = PBXBuildFile; fileRef = A895A63827AB922800FFA2AA /* ListViewMock.swift */; };
		A895A63C27AB98C400FFA2AA /* HeroListCellTests.swift in Sources */ = {isa = PBXBuildFile; fileRef = A895A63B27AB98C400FFA2AA /* HeroListCellTests.swift */; };
		A895A64627ABA1B100FFA2AA /* ErrorModelToEntityMapperTests.swift in Sources */ = {isa = PBXBuildFile; fileRef = A895A64527ABA1B100FFA2AA /* ErrorModelToEntityMapperTests.swift */; };
		A895A64D27AC2B0C00FFA2AA /* DetailViewController.swift in Sources */ = {isa = PBXBuildFile; fileRef = A895A64C27AC2B0C00FFA2AA /* DetailViewController.swift */; };
		A895A65127AC35F700FFA2AA /* ListDetailEntity.swift in Sources */ = {isa = PBXBuildFile; fileRef = A895A65027AC35F700FFA2AA /* ListDetailEntity.swift */; };
		A895A65327AC366D00FFA2AA /* DataDetailEntity.swift in Sources */ = {isa = PBXBuildFile; fileRef = A895A65227AC366D00FFA2AA /* DataDetailEntity.swift */; };
		A895A65527AC36E700FFA2AA /* EventsDetailEntity.swift in Sources */ = {isa = PBXBuildFile; fileRef = A895A65427AC36E700FFA2AA /* EventsDetailEntity.swift */; };
		A895A65727AC376300FFA2AA /* EventDetailEntity.swift in Sources */ = {isa = PBXBuildFile; fileRef = A895A65627AC376300FFA2AA /* EventDetailEntity.swift */; };
		A895A65927AC379300FFA2AA /* EventItemDetailEntity.swift in Sources */ = {isa = PBXBuildFile; fileRef = A895A65827AC379300FFA2AA /* EventItemDetailEntity.swift */; };
		A895A65B27AC3B2400FFA2AA /* GET_getHeroDetail_200.json in Resources */ = {isa = PBXBuildFile; fileRef = A895A65A27AC3B2400FFA2AA /* GET_getHeroDetail_200.json */; };
		A895A65D27AC3BAA00FFA2AA /* GET_getHeroDetail_400.json in Resources */ = {isa = PBXBuildFile; fileRef = A895A65C27AC3BA900FFA2AA /* GET_getHeroDetail_400.json */; };
		A895A65F27AC41C300FFA2AA /* Event.swift in Sources */ = {isa = PBXBuildFile; fileRef = A895A65E27AC41C300FFA2AA /* Event.swift */; };
		A895A66127AC42A500FFA2AA /* EventsToEntityMapper.swift in Sources */ = {isa = PBXBuildFile; fileRef = A895A66027AC42A500FFA2AA /* EventsToEntityMapper.swift */; };
		A895A66327AC462F00FFA2AA /* EventsToEntityMapperTests.swift in Sources */ = {isa = PBXBuildFile; fileRef = A895A66227AC462F00FFA2AA /* EventsToEntityMapperTests.swift */; };
		A895A66527AC476F00FFA2AA /* ShowHeroEventsUseCase.swift in Sources */ = {isa = PBXBuildFile; fileRef = A895A66427AC476F00FFA2AA /* ShowHeroEventsUseCase.swift */; };
		A895A66727AC481400FFA2AA /* ShowHeroEventsUseCaseTests.swift in Sources */ = {isa = PBXBuildFile; fileRef = A895A66627AC481400FFA2AA /* ShowHeroEventsUseCaseTests.swift */; };
		A895A66927AC4A4C00FFA2AA /* DetailViewCellType.swift in Sources */ = {isa = PBXBuildFile; fileRef = A895A66827AC4A4C00FFA2AA /* DetailViewCellType.swift */; };
		A895A66B27AC4B6C00FFA2AA /* HeroDetailAvatarCell.swift in Sources */ = {isa = PBXBuildFile; fileRef = A895A66A27AC4B6C00FFA2AA /* HeroDetailAvatarCell.swift */; };
		A895A66E27AC516500FFA2AA /* HeroDetailEventsCell.swift in Sources */ = {isa = PBXBuildFile; fileRef = A895A66D27AC516500FFA2AA /* HeroDetailEventsCell.swift */; };
		A895A67027AC565100FFA2AA /* DetailPresenter.swift in Sources */ = {isa = PBXBuildFile; fileRef = A895A66F27AC565100FFA2AA /* DetailPresenter.swift */; };
		A895A67227AC565F00FFA2AA /* DetailPresenterProtocol.swift in Sources */ = {isa = PBXBuildFile; fileRef = A895A67127AC565F00FFA2AA /* DetailPresenterProtocol.swift */; };
		A895A67427AC567600FFA2AA /* DetailView.swift in Sources */ = {isa = PBXBuildFile; fileRef = A895A67327AC567600FFA2AA /* DetailView.swift */; };
		A895A67827ACC62000FFA2AA /* DetailPresenterTests.swift in Sources */ = {isa = PBXBuildFile; fileRef = A895A67727ACC62000FFA2AA /* DetailPresenterTests.swift */; };
		A895A67A27ACC67700FFA2AA /* ShowHeroEventsUseCaseMock.swift in Sources */ = {isa = PBXBuildFile; fileRef = A895A67927ACC67700FFA2AA /* ShowHeroEventsUseCaseMock.swift */; };
		A895A67C27ACC72C00FFA2AA /* DetailViewMock.swift in Sources */ = {isa = PBXBuildFile; fileRef = A895A67B27ACC72C00FFA2AA /* DetailViewMock.swift */; };
		A895A67F27ACC92F00FFA2AA /* HeroDetailAvatarCellTests.swift in Sources */ = {isa = PBXBuildFile; fileRef = A895A67E27ACC92F00FFA2AA /* HeroDetailAvatarCellTests.swift */; };
		A895A68127ACC96E00FFA2AA /* HeroDetailAvatarCellConstants.swift in Sources */ = {isa = PBXBuildFile; fileRef = A895A68027ACC96D00FFA2AA /* HeroDetailAvatarCellConstants.swift */; };
		A895A68327ACCAD800FFA2AA /* HeroDetailEventsCellConstants.swift in Sources */ = {isa = PBXBuildFile; fileRef = A895A68227ACCAD800FFA2AA /* HeroDetailEventsCellConstants.swift */; };
		A895A68527ACCD5400FFA2AA /* HeroDetailEventsCellTests.swift in Sources */ = {isa = PBXBuildFile; fileRef = A895A68427ACCD5400FFA2AA /* HeroDetailEventsCellTests.swift */; };
		A895A68727ACCFDB00FFA2AA /* DetailConstants.swift in Sources */ = {isa = PBXBuildFile; fileRef = A895A68627ACCFDB00FFA2AA /* DetailConstants.swift */; };
		A895A68927ACD0FB00FFA2AA /* ListViewControllerTests.swift in Sources */ = {isa = PBXBuildFile; fileRef = A895A68827ACD0FB00FFA2AA /* ListViewControllerTests.swift */; };
		A895A68B27ACD13000FFA2AA /* ListPresenterMock.swift in Sources */ = {isa = PBXBuildFile; fileRef = A895A68A27ACD13000FFA2AA /* ListPresenterMock.swift */; };
		A895A68D27ACD2DE00FFA2AA /* NavigationControllerMock.swift in Sources */ = {isa = PBXBuildFile; fileRef = A895A68C27ACD2DE00FFA2AA /* NavigationControllerMock.swift */; };
		A895A68F27ACD9E000FFA2AA /* DetailViewControllerTests.swift in Sources */ = {isa = PBXBuildFile; fileRef = A895A68E27ACD9E000FFA2AA /* DetailViewControllerTests.swift */; };
		A895A69127ACDA2900FFA2AA /* DetailPresenterMock.swift in Sources */ = {isa = PBXBuildFile; fileRef = A895A69027ACDA2900FFA2AA /* DetailPresenterMock.swift */; };
		A895A69327ADBAA100FFA2AA /* ThumbnailLoaderTests.swift in Sources */ = {isa = PBXBuildFile; fileRef = A895A69227ADBAA100FFA2AA /* ThumbnailLoaderTests.swift */; };
		A895A69627AE213400FFA2AA /* ViewControllerFactoryTests.swift in Sources */ = {isa = PBXBuildFile; fileRef = A895A69527AE213400FFA2AA /* ViewControllerFactoryTests.swift */; };
/* End PBXBuildFile section */

/* Begin PBXContainerItemProxy section */
		A895A58227AAE6B400FFA2AA /* PBXContainerItemProxy */ = {
			isa = PBXContainerItemProxy;
			containerPortal = A895A56327AAE6B200FFA2AA /* Project object */;
			proxyType = 1;
			remoteGlobalIDString = A895A56A27AAE6B200FFA2AA;
			remoteInfo = MarvelList;
		};
		A895A58D27AAE6B500FFA2AA /* PBXContainerItemProxy */ = {
			isa = PBXContainerItemProxy;
			containerPortal = A895A56327AAE6B200FFA2AA /* Project object */;
			proxyType = 1;
			remoteGlobalIDString = A895A56A27AAE6B200FFA2AA;
			remoteInfo = MarvelList;
		};
/* End PBXContainerItemProxy section */

/* Begin PBXFileReference section */
		A895A56B27AAE6B200FFA2AA /* MarvelList.app */ = {isa = PBXFileReference; explicitFileType = wrapper.application; includeInIndex = 0; path = MarvelList.app; sourceTree = BUILT_PRODUCTS_DIR; };
		A895A56E27AAE6B200FFA2AA /* AppDelegate.swift */ = {isa = PBXFileReference; lastKnownFileType = sourcecode.swift; path = AppDelegate.swift; sourceTree = "<group>"; };
		A895A57027AAE6B200FFA2AA /* SceneDelegate.swift */ = {isa = PBXFileReference; lastKnownFileType = sourcecode.swift; path = SceneDelegate.swift; sourceTree = "<group>"; };
		A895A57227AAE6B200FFA2AA /* ListViewController.swift */ = {isa = PBXFileReference; lastKnownFileType = sourcecode.swift; path = ListViewController.swift; sourceTree = "<group>"; };
		A895A57727AAE6B400FFA2AA /* Assets.xcassets */ = {isa = PBXFileReference; lastKnownFileType = folder.assetcatalog; path = Assets.xcassets; sourceTree = "<group>"; };
		A895A57A27AAE6B400FFA2AA /* Base */ = {isa = PBXFileReference; lastKnownFileType = file.storyboard; name = Base; path = Base.lproj/LaunchScreen.storyboard; sourceTree = "<group>"; };
		A895A57C27AAE6B400FFA2AA /* Info.plist */ = {isa = PBXFileReference; lastKnownFileType = text.plist.xml; path = Info.plist; sourceTree = "<group>"; };
		A895A58127AAE6B400FFA2AA /* MarvelListTests.xctest */ = {isa = PBXFileReference; explicitFileType = wrapper.cfbundle; includeInIndex = 0; path = MarvelListTests.xctest; sourceTree = BUILT_PRODUCTS_DIR; };
		A895A58527AAE6B400FFA2AA /* MarvelListTests.swift */ = {isa = PBXFileReference; lastKnownFileType = sourcecode.swift; path = MarvelListTests.swift; sourceTree = "<group>"; };
		A895A58727AAE6B400FFA2AA /* Info.plist */ = {isa = PBXFileReference; lastKnownFileType = text.plist.xml; path = Info.plist; sourceTree = "<group>"; };
		A895A58C27AAE6B500FFA2AA /* MarvelListUITests.xctest */ = {isa = PBXFileReference; explicitFileType = wrapper.cfbundle; includeInIndex = 0; path = MarvelListUITests.xctest; sourceTree = BUILT_PRODUCTS_DIR; };
		A895A59027AAE6B500FFA2AA /* MarvelListUITests.swift */ = {isa = PBXFileReference; lastKnownFileType = sourcecode.swift; path = MarvelListUITests.swift; sourceTree = "<group>"; };
		A895A59227AAE6B500FFA2AA /* Info.plist */ = {isa = PBXFileReference; lastKnownFileType = text.plist.xml; path = Info.plist; sourceTree = "<group>"; };
		A895A5A927AAF50000FFA2AA /* HeroEntity.swift */ = {isa = PBXFileReference; lastKnownFileType = sourcecode.swift; path = HeroEntity.swift; sourceTree = "<group>"; };
		A895A5AD27AAF61A00FFA2AA /* HeroesRestApi.swift */ = {isa = PBXFileReference; lastKnownFileType = sourcecode.swift; path = HeroesRestApi.swift; sourceTree = "<group>"; };
		A895A5B327AAF6D000FFA2AA /* HeroesNSURLRestApi.swift */ = {isa = PBXFileReference; lastKnownFileType = sourcecode.swift; path = HeroesNSURLRestApi.swift; sourceTree = "<group>"; };
		A895A5B827AAF73700FFA2AA /* ErrorEntity.swift */ = {isa = PBXFileReference; lastKnownFileType = sourcecode.swift; path = ErrorEntity.swift; sourceTree = "<group>"; };
		A895A5BB27AAF82E00FFA2AA /* HTTPMethod.swift */ = {isa = PBXFileReference; fileEncoding = 4; lastKnownFileType = sourcecode.swift; path = HTTPMethod.swift; sourceTree = "<group>"; };
		A895A5BD27AAF8F200FFA2AA /* DataEntity.swift */ = {isa = PBXFileReference; lastKnownFileType = sourcecode.swift; path = DataEntity.swift; sourceTree = "<group>"; };
		A895A5C327AAFA8B00FFA2AA /* ListEntity.swift */ = {isa = PBXFileReference; lastKnownFileType = sourcecode.swift; path = ListEntity.swift; sourceTree = "<group>"; };
		A895A5C827AAFEED00FFA2AA /* HeroesRepository.swift */ = {isa = PBXFileReference; lastKnownFileType = sourcecode.swift; path = HeroesRepository.swift; sourceTree = "<group>"; };
		A895A5CA27AAFF2300FFA2AA /* HeroesApiRepository.swift */ = {isa = PBXFileReference; lastKnownFileType = sourcecode.swift; path = HeroesApiRepository.swift; sourceTree = "<group>"; };
		A895A5CE27AAFFD500FFA2AA /* ErrorModel.swift */ = {isa = PBXFileReference; lastKnownFileType = sourcecode.swift; path = ErrorModel.swift; sourceTree = "<group>"; };
		A895A5D127AB003600FFA2AA /* Hero.swift */ = {isa = PBXFileReference; lastKnownFileType = sourcecode.swift; path = Hero.swift; sourceTree = "<group>"; };
		A895A5D327AB00BB00FFA2AA /* Mapper.swift */ = {isa = PBXFileReference; lastKnownFileType = sourcecode.swift; path = Mapper.swift; sourceTree = "<group>"; };
		A895A5D627AB018100FFA2AA /* HeroModelToEntityMapper.swift */ = {isa = PBXFileReference; lastKnownFileType = sourcecode.swift; path = HeroModelToEntityMapper.swift; sourceTree = "<group>"; };
		A895A5D827AB03BC00FFA2AA /* ErrorModelToEntityMapper.swift */ = {isa = PBXFileReference; lastKnownFileType = sourcecode.swift; path = ErrorModelToEntityMapper.swift; sourceTree = "<group>"; };
		A895A5DC27AB05D600FFA2AA /* UseCase.swift */ = {isa = PBXFileReference; lastKnownFileType = sourcecode.swift; path = UseCase.swift; sourceTree = "<group>"; };
		A895A5DE27AB064300FFA2AA /* ShowHeroListUseCase.swift */ = {isa = PBXFileReference; lastKnownFileType = sourcecode.swift; path = ShowHeroListUseCase.swift; sourceTree = "<group>"; };
		A895A5E127AB070F00FFA2AA /* HeroesServiceLocator.swift */ = {isa = PBXFileReference; lastKnownFileType = sourcecode.swift; path = HeroesServiceLocator.swift; sourceTree = "<group>"; };
		A895A5E427AB08D000FFA2AA /* ListConstants.swift */ = {isa = PBXFileReference; lastKnownFileType = sourcecode.swift; path = ListConstants.swift; sourceTree = "<group>"; };
		A895A5E627AB09FF00FFA2AA /* ViewControllerFactory.swift */ = {isa = PBXFileReference; lastKnownFileType = sourcecode.swift; path = ViewControllerFactory.swift; sourceTree = "<group>"; };
		A895A5EA27AB0A6100FFA2AA /* ViewControllerFactoryType.swift */ = {isa = PBXFileReference; lastKnownFileType = sourcecode.swift; path = ViewControllerFactoryType.swift; sourceTree = "<group>"; };
		A895A5EC27AB2BCB00FFA2AA /* ListData.swift */ = {isa = PBXFileReference; lastKnownFileType = sourcecode.swift; path = ListData.swift; sourceTree = "<group>"; };
		A895A5EE27AB2C1A00FFA2AA /* ListModelToEntityMapper.swift */ = {isa = PBXFileReference; lastKnownFileType = sourcecode.swift; path = ListModelToEntityMapper.swift; sourceTree = "<group>"; };
		A895A5F027AB2E5C00FFA2AA /* ListPresenterProtocol.swift */ = {isa = PBXFileReference; lastKnownFileType = sourcecode.swift; path = ListPresenterProtocol.swift; sourceTree = "<group>"; };
		A895A5F227AB2E7400FFA2AA /* ListPresenter.swift */ = {isa = PBXFileReference; lastKnownFileType = sourcecode.swift; path = ListPresenter.swift; sourceTree = "<group>"; };
		A895A5F427AB2E8E00FFA2AA /* ListView.swift */ = {isa = PBXFileReference; lastKnownFileType = sourcecode.swift; path = ListView.swift; sourceTree = "<group>"; };
		A895A5F627AB39D800FFA2AA /* Typealias.swift */ = {isa = PBXFileReference; lastKnownFileType = sourcecode.swift; path = Typealias.swift; sourceTree = "<group>"; };
		A895A5F927AB3B3500FFA2AA /* HeroListCell.swift */ = {isa = PBXFileReference; lastKnownFileType = sourcecode.swift; path = HeroListCell.swift; sourceTree = "<group>"; };
		A895A5FC27AB424000FFA2AA /* ThumbnailLoader.swift */ = {isa = PBXFileReference; lastKnownFileType = sourcecode.swift; path = ThumbnailLoader.swift; sourceTree = "<group>"; };
		A895A5FE27AB693C00FFA2AA /* Digits.swift */ = {isa = PBXFileReference; lastKnownFileType = sourcecode.swift; path = Digits.swift; sourceTree = "<group>"; };
		A895A60027AB699E00FFA2AA /* HeroListCellConstants.swift */ = {isa = PBXFileReference; lastKnownFileType = sourcecode.swift; path = HeroListCellConstants.swift; sourceTree = "<group>"; };
		A895A60327AB6C3F00FFA2AA /* Constants.swift */ = {isa = PBXFileReference; lastKnownFileType = sourcecode.swift; path = Constants.swift; sourceTree = "<group>"; };
		A895A60627AB6CD600FFA2AA /* DomainNetwork.swift */ = {isa = PBXFileReference; lastKnownFileType = sourcecode.swift; path = DomainNetwork.swift; sourceTree = "<group>"; };
		A895A60827AB6D5D00FFA2AA /* HeroesNetwork.swift */ = {isa = PBXFileReference; lastKnownFileType = sourcecode.swift; path = HeroesNetwork.swift; sourceTree = "<group>"; };
		A895A60A27AB6DDD00FFA2AA /* Endpoint.swift */ = {isa = PBXFileReference; lastKnownFileType = sourcecode.swift; path = Endpoint.swift; sourceTree = "<group>"; };
		A895A60D27AB755100FFA2AA /* HeroListNSURLRestApiTests.swift */ = {isa = PBXFileReference; lastKnownFileType = sourcecode.swift; path = HeroListNSURLRestApiTests.swift; sourceTree = "<group>"; };
		A895A61027AB75B200FFA2AA /* URLSessionMock.swift */ = {isa = PBXFileReference; fileEncoding = 4; lastKnownFileType = sourcecode.swift; path = URLSessionMock.swift; sourceTree = "<group>"; };
		A895A61127AB75B200FFA2AA /* URLSessionDataTaskMock.swift */ = {isa = PBXFileReference; fileEncoding = 4; lastKnownFileType = sourcecode.swift; path = URLSessionDataTaskMock.swift; sourceTree = "<group>"; };
		A895A61527AB766D00FFA2AA /* GET_getHeroes_200.json */ = {isa = PBXFileReference; lastKnownFileType = text.json; path = GET_getHeroes_200.json; sourceTree = "<group>"; };
		A895A61727AB7AFF00FFA2AA /* GET_getHeroes_400.json */ = {isa = PBXFileReference; lastKnownFileType = text.json; path = GET_getHeroes_400.json; sourceTree = "<group>"; };
		A895A61927AB7CC400FFA2AA /* HeroListNetworkMock.swift */ = {isa = PBXFileReference; lastKnownFileType = sourcecode.swift; path = HeroListNetworkMock.swift; sourceTree = "<group>"; };
		A895A61B27AB812300FFA2AA /* HeroListNetworkTest.swift */ = {isa = PBXFileReference; lastKnownFileType = sourcecode.swift; path = HeroListNetworkTest.swift; sourceTree = "<group>"; };
		A895A61E27AB823900FFA2AA /* HeroModelToEntityMapperTests.swift */ = {isa = PBXFileReference; lastKnownFileType = sourcecode.swift; path = HeroModelToEntityMapperTests.swift; sourceTree = "<group>"; };
		A895A62127AB827500FFA2AA /* XCTestCase+JSONLoader.swift */ = {isa = PBXFileReference; lastKnownFileType = sourcecode.swift; path = "XCTestCase+JSONLoader.swift"; sourceTree = "<group>"; };
		A895A62327AB83AC00FFA2AA /* Equatables.swift */ = {isa = PBXFileReference; lastKnownFileType = sourcecode.swift; path = Equatables.swift; sourceTree = "<group>"; };
		A895A62527AB863200FFA2AA /* ListModelToEntityMapperTests.swift */ = {isa = PBXFileReference; lastKnownFileType = sourcecode.swift; path = ListModelToEntityMapperTests.swift; sourceTree = "<group>"; };
		A895A62927AB86EA00FFA2AA /* HeroListApiRepositoryTest.swift */ = {isa = PBXFileReference; lastKnownFileType = sourcecode.swift; path = HeroListApiRepositoryTest.swift; sourceTree = "<group>"; };
		A895A62B27AB872000FFA2AA /* HeroListRestApiMock.swift */ = {isa = PBXFileReference; lastKnownFileType = sourcecode.swift; path = HeroListRestApiMock.swift; sourceTree = "<group>"; };
		A895A62F27AB8B2800FFA2AA /* ShowHeroListUseCaseTests.swift */ = {isa = PBXFileReference; lastKnownFileType = sourcecode.swift; path = ShowHeroListUseCaseTests.swift; sourceTree = "<group>"; };
		A895A63127AB8B6700FFA2AA /* HeroListRepositoryMock.swift */ = {isa = PBXFileReference; lastKnownFileType = sourcecode.swift; path = HeroListRepositoryMock.swift; sourceTree = "<group>"; };
		A895A63427AB8EE100FFA2AA /* ListPresenterTests.swift */ = {isa = PBXFileReference; lastKnownFileType = sourcecode.swift; path = ListPresenterTests.swift; sourceTree = "<group>"; };
		A895A63627AB8F3300FFA2AA /* ShowHeroesUseCaseMock.swift */ = {isa = PBXFileReference; lastKnownFileType = sourcecode.swift; path = ShowHeroesUseCaseMock.swift; sourceTree = "<group>"; };
		A895A63827AB922800FFA2AA /* ListViewMock.swift */ = {isa = PBXFileReference; lastKnownFileType = sourcecode.swift; path = ListViewMock.swift; sourceTree = "<group>"; };
		A895A63B27AB98C400FFA2AA /* HeroListCellTests.swift */ = {isa = PBXFileReference; lastKnownFileType = sourcecode.swift; path = HeroListCellTests.swift; sourceTree = "<group>"; };
		A895A64527ABA1B100FFA2AA /* ErrorModelToEntityMapperTests.swift */ = {isa = PBXFileReference; lastKnownFileType = sourcecode.swift; path = ErrorModelToEntityMapperTests.swift; sourceTree = "<group>"; };
		A895A64C27AC2B0C00FFA2AA /* DetailViewController.swift */ = {isa = PBXFileReference; lastKnownFileType = sourcecode.swift; path = DetailViewController.swift; sourceTree = "<group>"; };
		A895A65027AC35F700FFA2AA /* ListDetailEntity.swift */ = {isa = PBXFileReference; lastKnownFileType = sourcecode.swift; path = ListDetailEntity.swift; sourceTree = "<group>"; };
		A895A65227AC366D00FFA2AA /* DataDetailEntity.swift */ = {isa = PBXFileReference; lastKnownFileType = sourcecode.swift; path = DataDetailEntity.swift; sourceTree = "<group>"; };
		A895A65427AC36E700FFA2AA /* EventsDetailEntity.swift */ = {isa = PBXFileReference; lastKnownFileType = sourcecode.swift; path = EventsDetailEntity.swift; sourceTree = "<group>"; };
		A895A65627AC376300FFA2AA /* EventDetailEntity.swift */ = {isa = PBXFileReference; lastKnownFileType = sourcecode.swift; path = EventDetailEntity.swift; sourceTree = "<group>"; };
		A895A65827AC379300FFA2AA /* EventItemDetailEntity.swift */ = {isa = PBXFileReference; lastKnownFileType = sourcecode.swift; path = EventItemDetailEntity.swift; sourceTree = "<group>"; };
		A895A65A27AC3B2400FFA2AA /* GET_getHeroDetail_200.json */ = {isa = PBXFileReference; lastKnownFileType = text.json; path = GET_getHeroDetail_200.json; sourceTree = "<group>"; };
		A895A65C27AC3BA900FFA2AA /* GET_getHeroDetail_400.json */ = {isa = PBXFileReference; lastKnownFileType = text.json; path = GET_getHeroDetail_400.json; sourceTree = "<group>"; };
		A895A65E27AC41C300FFA2AA /* Event.swift */ = {isa = PBXFileReference; lastKnownFileType = sourcecode.swift; path = Event.swift; sourceTree = "<group>"; };
		A895A66027AC42A500FFA2AA /* EventsToEntityMapper.swift */ = {isa = PBXFileReference; lastKnownFileType = sourcecode.swift; path = EventsToEntityMapper.swift; sourceTree = "<group>"; };
		A895A66227AC462F00FFA2AA /* EventsToEntityMapperTests.swift */ = {isa = PBXFileReference; lastKnownFileType = sourcecode.swift; path = EventsToEntityMapperTests.swift; sourceTree = "<group>"; };
		A895A66427AC476F00FFA2AA /* ShowHeroEventsUseCase.swift */ = {isa = PBXFileReference; lastKnownFileType = sourcecode.swift; path = ShowHeroEventsUseCase.swift; sourceTree = "<group>"; };
		A895A66627AC481400FFA2AA /* ShowHeroEventsUseCaseTests.swift */ = {isa = PBXFileReference; lastKnownFileType = sourcecode.swift; path = ShowHeroEventsUseCaseTests.swift; sourceTree = "<group>"; };
		A895A66827AC4A4C00FFA2AA /* DetailViewCellType.swift */ = {isa = PBXFileReference; lastKnownFileType = sourcecode.swift; path = DetailViewCellType.swift; sourceTree = "<group>"; };
		A895A66A27AC4B6C00FFA2AA /* HeroDetailAvatarCell.swift */ = {isa = PBXFileReference; lastKnownFileType = sourcecode.swift; path = HeroDetailAvatarCell.swift; sourceTree = "<group>"; };
		A895A66D27AC516500FFA2AA /* HeroDetailEventsCell.swift */ = {isa = PBXFileReference; lastKnownFileType = sourcecode.swift; path = HeroDetailEventsCell.swift; sourceTree = "<group>"; };
		A895A66F27AC565100FFA2AA /* DetailPresenter.swift */ = {isa = PBXFileReference; lastKnownFileType = sourcecode.swift; path = DetailPresenter.swift; sourceTree = "<group>"; };
		A895A67127AC565F00FFA2AA /* DetailPresenterProtocol.swift */ = {isa = PBXFileReference; lastKnownFileType = sourcecode.swift; path = DetailPresenterProtocol.swift; sourceTree = "<group>"; };
		A895A67327AC567600FFA2AA /* DetailView.swift */ = {isa = PBXFileReference; lastKnownFileType = sourcecode.swift; path = DetailView.swift; sourceTree = "<group>"; };
		A895A67727ACC62000FFA2AA /* DetailPresenterTests.swift */ = {isa = PBXFileReference; lastKnownFileType = sourcecode.swift; path = DetailPresenterTests.swift; sourceTree = "<group>"; };
		A895A67927ACC67700FFA2AA /* ShowHeroEventsUseCaseMock.swift */ = {isa = PBXFileReference; lastKnownFileType = sourcecode.swift; path = ShowHeroEventsUseCaseMock.swift; sourceTree = "<group>"; };
		A895A67B27ACC72C00FFA2AA /* DetailViewMock.swift */ = {isa = PBXFileReference; lastKnownFileType = sourcecode.swift; path = DetailViewMock.swift; sourceTree = "<group>"; };
		A895A67E27ACC92F00FFA2AA /* HeroDetailAvatarCellTests.swift */ = {isa = PBXFileReference; lastKnownFileType = sourcecode.swift; path = HeroDetailAvatarCellTests.swift; sourceTree = "<group>"; };
		A895A68027ACC96D00FFA2AA /* HeroDetailAvatarCellConstants.swift */ = {isa = PBXFileReference; lastKnownFileType = sourcecode.swift; path = HeroDetailAvatarCellConstants.swift; sourceTree = "<group>"; };
		A895A68227ACCAD800FFA2AA /* HeroDetailEventsCellConstants.swift */ = {isa = PBXFileReference; lastKnownFileType = sourcecode.swift; path = HeroDetailEventsCellConstants.swift; sourceTree = "<group>"; };
		A895A68427ACCD5400FFA2AA /* HeroDetailEventsCellTests.swift */ = {isa = PBXFileReference; lastKnownFileType = sourcecode.swift; path = HeroDetailEventsCellTests.swift; sourceTree = "<group>"; };
		A895A68627ACCFDB00FFA2AA /* DetailConstants.swift */ = {isa = PBXFileReference; lastKnownFileType = sourcecode.swift; path = DetailConstants.swift; sourceTree = "<group>"; };
		A895A68827ACD0FB00FFA2AA /* ListViewControllerTests.swift */ = {isa = PBXFileReference; lastKnownFileType = sourcecode.swift; path = ListViewControllerTests.swift; sourceTree = "<group>"; };
		A895A68A27ACD13000FFA2AA /* ListPresenterMock.swift */ = {isa = PBXFileReference; lastKnownFileType = sourcecode.swift; path = ListPresenterMock.swift; sourceTree = "<group>"; };
		A895A68C27ACD2DE00FFA2AA /* NavigationControllerMock.swift */ = {isa = PBXFileReference; lastKnownFileType = sourcecode.swift; path = NavigationControllerMock.swift; sourceTree = "<group>"; };
		A895A68E27ACD9E000FFA2AA /* DetailViewControllerTests.swift */ = {isa = PBXFileReference; lastKnownFileType = sourcecode.swift; path = DetailViewControllerTests.swift; sourceTree = "<group>"; };
		A895A69027ACDA2900FFA2AA /* DetailPresenterMock.swift */ = {isa = PBXFileReference; lastKnownFileType = sourcecode.swift; path = DetailPresenterMock.swift; sourceTree = "<group>"; };
		A895A69227ADBAA100FFA2AA /* ThumbnailLoaderTests.swift */ = {isa = PBXFileReference; lastKnownFileType = sourcecode.swift; path = ThumbnailLoaderTests.swift; sourceTree = "<group>"; };
		A895A69527AE213400FFA2AA /* ViewControllerFactoryTests.swift */ = {isa = PBXFileReference; lastKnownFileType = sourcecode.swift; path = ViewControllerFactoryTests.swift; sourceTree = "<group>"; };
/* End PBXFileReference section */

/* Begin PBXFrameworksBuildPhase section */
		A895A56827AAE6B200FFA2AA /* Frameworks */ = {
			isa = PBXFrameworksBuildPhase;
			buildActionMask = 2147483647;
			files = (
			);
			runOnlyForDeploymentPostprocessing = 0;
		};
		A895A57E27AAE6B400FFA2AA /* Frameworks */ = {
			isa = PBXFrameworksBuildPhase;
			buildActionMask = 2147483647;
			files = (
			);
			runOnlyForDeploymentPostprocessing = 0;
		};
		A895A58927AAE6B500FFA2AA /* Frameworks */ = {
			isa = PBXFrameworksBuildPhase;
			buildActionMask = 2147483647;
			files = (
			);
			runOnlyForDeploymentPostprocessing = 0;
		};
/* End PBXFrameworksBuildPhase section */

/* Begin PBXGroup section */
		A895A56227AAE6B200FFA2AA = {
			isa = PBXGroup;
			children = (
				A895A56D27AAE6B200FFA2AA /* MarvelList */,
				A895A58427AAE6B400FFA2AA /* MarvelListTests */,
				A895A58F27AAE6B500FFA2AA /* MarvelListUITests */,
				A895A56C27AAE6B200FFA2AA /* Products */,
			);
			sourceTree = "<group>";
		};
		A895A56C27AAE6B200FFA2AA /* Products */ = {
			isa = PBXGroup;
			children = (
				A895A56B27AAE6B200FFA2AA /* MarvelList.app */,
				A895A58127AAE6B400FFA2AA /* MarvelListTests.xctest */,
				A895A58C27AAE6B500FFA2AA /* MarvelListUITests.xctest */,
			);
			name = Products;
			sourceTree = "<group>";
		};
		A895A56D27AAE6B200FFA2AA /* MarvelList */ = {
			isa = PBXGroup;
			children = (
				A895A59E27AAEAD100FFA2AA /* Supporting Files */,
				A895A5B527AAF71400FFA2AA /* Core */,
				A895A64827AC235E00FFA2AA /* Modules */,
			);
			path = MarvelList;
			sourceTree = "<group>";
		};
		A895A58427AAE6B400FFA2AA /* MarvelListTests */ = {
			isa = PBXGroup;
			children = (
				A895A62027AB826500FFA2AA /* Utilities */,
				A895A60F27AB75A200FFA2AA /* Mocks */,
				A895A64127AB9E8A00FFA2AA /* Core */,
				A895A60227AB6B5700FFA2AA /* List */,
				A895A58527AAE6B400FFA2AA /* MarvelListTests.swift */,
				A895A58727AAE6B400FFA2AA /* Info.plist */,
			);
			path = MarvelListTests;
			sourceTree = "<group>";
		};
		A895A58F27AAE6B500FFA2AA /* MarvelListUITests */ = {
			isa = PBXGroup;
			children = (
				A895A59027AAE6B500FFA2AA /* MarvelListUITests.swift */,
				A895A59227AAE6B500FFA2AA /* Info.plist */,
			);
			path = MarvelListUITests;
			sourceTree = "<group>";
		};
		A895A59E27AAEAD100FFA2AA /* Supporting Files */ = {
			isa = PBXGroup;
			children = (
				A895A57C27AAE6B400FFA2AA /* Info.plist */,
				A895A57927AAE6B400FFA2AA /* LaunchScreen.storyboard */,
				A895A57727AAE6B400FFA2AA /* Assets.xcassets */,
				A895A56E27AAE6B200FFA2AA /* AppDelegate.swift */,
				A895A57027AAE6B200FFA2AA /* SceneDelegate.swift */,
			);
			name = "Supporting Files";
			sourceTree = "<group>";
		};
		A895A5B127AAF6A400FFA2AA /* Network */ = {
			isa = PBXGroup;
			children = (
				A895A5AD27AAF61A00FFA2AA /* HeroesRestApi.swift */,
				A895A5B327AAF6D000FFA2AA /* HeroesNSURLRestApi.swift */,
				A895A60827AB6D5D00FFA2AA /* HeroesNetwork.swift */,
			);
			path = Network;
			sourceTree = "<group>";
		};
		A895A5B227AAF6AA00FFA2AA /* Infrastructure */ = {
			isa = PBXGroup;
			children = (
				A895A5B127AAF6A400FFA2AA /* Network */,
			);
			path = Infrastructure;
			sourceTree = "<group>";
		};
		A895A5B527AAF71400FFA2AA /* Core */ = {
			isa = PBXGroup;
			children = (
				A895A64927AC255600FFA2AA /* Factory */,
				A895A60527AB6CC600FFA2AA /* Infrastructure */,
				A895A5FB27AB422700FFA2AA /* Utilities */,
				A895A5BA27AAF81E00FFA2AA /* Constants */,
				A895A5CC27AAFFBA00FFA2AA /* Domain */,
				A895A5B627AAF71E00FFA2AA /* Data */,
				A895A5D327AB00BB00FFA2AA /* Mapper.swift */,
				A895A5F627AB39D800FFA2AA /* Typealias.swift */,
			);
			path = Core;
			sourceTree = "<group>";
		};
		A895A5B627AAF71E00FFA2AA /* Data */ = {
			isa = PBXGroup;
			children = (
				A895A5D827AB03BC00FFA2AA /* ErrorModelToEntityMapper.swift */,
				A895A5B727AAF72A00FFA2AA /* Entity */,
			);
			path = Data;
			sourceTree = "<group>";
		};
		A895A5B727AAF72A00FFA2AA /* Entity */ = {
			isa = PBXGroup;
			children = (
				A895A5B827AAF73700FFA2AA /* ErrorEntity.swift */,
			);
			path = Entity;
			sourceTree = "<group>";
		};
		A895A5BA27AAF81E00FFA2AA /* Constants */ = {
			isa = PBXGroup;
			children = (
				A895A5BB27AAF82E00FFA2AA /* HTTPMethod.swift */,
				A895A5FE27AB693C00FFA2AA /* Digits.swift */,
				A895A60327AB6C3F00FFA2AA /* Constants.swift */,
			);
			path = Constants;
			sourceTree = "<group>";
		};
		A895A5C027AAFA5B00FFA2AA /* Heroes */ = {
			isa = PBXGroup;
			children = (
				A895A5E027AB06FD00FFA2AA /* DI */,
				A895A5B227AAF6AA00FFA2AA /* Infrastructure */,
				A895A5C127AAFA6800FFA2AA /* Data */,
				A895A5C627AAFEB700FFA2AA /* Domain */,
				A895A5E327AB08AE00FFA2AA /* View */,
				A895A5E427AB08D000FFA2AA /* ListConstants.swift */,
			);
			path = Heroes;
			sourceTree = "<group>";
		};
		A895A5C127AAFA6800FFA2AA /* Data */ = {
			isa = PBXGroup;
			children = (
				A895A5D527AB016600FFA2AA /* Mapper */,
				A895A5C527AAFE9D00FFA2AA /* Repository */,
				A895A5C227AAFA7000FFA2AA /* Entity */,
			);
			path = Data;
			sourceTree = "<group>";
		};
		A895A5C227AAFA7000FFA2AA /* Entity */ = {
			isa = PBXGroup;
			children = (
				A895A64F27AC35E400FFA2AA /* Detail */,
				A895A64E27AC35D700FFA2AA /* List */,
			);
			path = Entity;
			sourceTree = "<group>";
		};
		A895A5C527AAFE9D00FFA2AA /* Repository */ = {
			isa = PBXGroup;
			children = (
				A895A5CA27AAFF2300FFA2AA /* HeroesApiRepository.swift */,
			);
			path = Repository;
			sourceTree = "<group>";
		};
		A895A5C627AAFEB700FFA2AA /* Domain */ = {
			isa = PBXGroup;
			children = (
				A895A5DA27AB05B000FFA2AA /* UseCase */,
				A895A5D027AB002300FFA2AA /* Model */,
				A895A5C727AAFEC800FFA2AA /* Interfaces */,
			);
			path = Domain;
			sourceTree = "<group>";
		};
		A895A5C727AAFEC800FFA2AA /* Interfaces */ = {
			isa = PBXGroup;
			children = (
				A895A5C827AAFEED00FFA2AA /* HeroesRepository.swift */,
			);
			path = Interfaces;
			sourceTree = "<group>";
		};
		A895A5CC27AAFFBA00FFA2AA /* Domain */ = {
			isa = PBXGroup;
			children = (
				A895A5DB27AB05C800FFA2AA /* UseCase */,
				A895A5CD27AAFFBF00FFA2AA /* Model */,
			);
			path = Domain;
			sourceTree = "<group>";
		};
		A895A5CD27AAFFBF00FFA2AA /* Model */ = {
			isa = PBXGroup;
			children = (
				A895A5CE27AAFFD500FFA2AA /* ErrorModel.swift */,
			);
			path = Model;
			sourceTree = "<group>";
		};
		A895A5D027AB002300FFA2AA /* Model */ = {
			isa = PBXGroup;
			children = (
				A895A5D127AB003600FFA2AA /* Hero.swift */,
				A895A5EC27AB2BCB00FFA2AA /* ListData.swift */,
				A895A65E27AC41C300FFA2AA /* Event.swift */,
			);
			path = Model;
			sourceTree = "<group>";
		};
		A895A5D527AB016600FFA2AA /* Mapper */ = {
			isa = PBXGroup;
			children = (
				A895A5D627AB018100FFA2AA /* HeroModelToEntityMapper.swift */,
				A895A5EE27AB2C1A00FFA2AA /* ListModelToEntityMapper.swift */,
				A895A66027AC42A500FFA2AA /* EventsToEntityMapper.swift */,
			);
			path = Mapper;
			sourceTree = "<group>";
		};
		A895A5DA27AB05B000FFA2AA /* UseCase */ = {
			isa = PBXGroup;
			children = (
				A895A5DE27AB064300FFA2AA /* ShowHeroListUseCase.swift */,
				A895A66427AC476F00FFA2AA /* ShowHeroEventsUseCase.swift */,
			);
			path = UseCase;
			sourceTree = "<group>";
		};
		A895A5DB27AB05C800FFA2AA /* UseCase */ = {
			isa = PBXGroup;
			children = (
				A895A5DC27AB05D600FFA2AA /* UseCase.swift */,
			);
			path = UseCase;
			sourceTree = "<group>";
		};
		A895A5E027AB06FD00FFA2AA /* DI */ = {
			isa = PBXGroup;
			children = (
				A895A5E127AB070F00FFA2AA /* HeroesServiceLocator.swift */,
			);
			path = DI;
			sourceTree = "<group>";
		};
		A895A5E327AB08AE00FFA2AA /* View */ = {
			isa = PBXGroup;
			children = (
				A895A64A27AC292100FFA2AA /* Detail */,
				A895A64B27AC295000FFA2AA /* List */,
			);
			path = View;
			sourceTree = "<group>";
		};
		A895A5F827AB3B1000FFA2AA /* Cell */ = {
			isa = PBXGroup;
			children = (
				A895A5F927AB3B3500FFA2AA /* HeroListCell.swift */,
				A895A60027AB699E00FFA2AA /* HeroListCellConstants.swift */,
			);
			path = Cell;
			sourceTree = "<group>";
		};
		A895A5FB27AB422700FFA2AA /* Utilities */ = {
			isa = PBXGroup;
			children = (
				A895A5FC27AB424000FFA2AA /* ThumbnailLoader.swift */,
			);
			path = Utilities;
			sourceTree = "<group>";
		};
		A895A60227AB6B5700FFA2AA /* List */ = {
			isa = PBXGroup;
			children = (
				A895A60C27AB752200FFA2AA /* Infrastructure */,
				A895A62727AB86CC00FFA2AA /* Data */,
				A895A62D27AB8B0A00FFA2AA /* Domain */,
				A895A63327AB8EBB00FFA2AA /* View */,
			);
			path = List;
			sourceTree = "<group>";
		};
		A895A60527AB6CC600FFA2AA /* Infrastructure */ = {
			isa = PBXGroup;
			children = (
				A895A60A27AB6DDD00FFA2AA /* Endpoint.swift */,
				A895A60627AB6CD600FFA2AA /* DomainNetwork.swift */,
			);
			path = Infrastructure;
			sourceTree = "<group>";
		};
		A895A60C27AB752200FFA2AA /* Infrastructure */ = {
			isa = PBXGroup;
			children = (
				A895A61427AB765800FFA2AA /* JSON */,
				A895A60D27AB755100FFA2AA /* HeroListNSURLRestApiTests.swift */,
				A895A61B27AB812300FFA2AA /* HeroListNetworkTest.swift */,
			);
			path = Infrastructure;
			sourceTree = "<group>";
		};
		A895A60F27AB75A200FFA2AA /* Mocks */ = {
			isa = PBXGroup;
			children = (
				A895A61127AB75B200FFA2AA /* URLSessionDataTaskMock.swift */,
				A895A61027AB75B200FFA2AA /* URLSessionMock.swift */,
				A895A61927AB7CC400FFA2AA /* HeroListNetworkMock.swift */,
				A895A62B27AB872000FFA2AA /* HeroListRestApiMock.swift */,
				A895A63127AB8B6700FFA2AA /* HeroListRepositoryMock.swift */,
				A895A63627AB8F3300FFA2AA /* ShowHeroesUseCaseMock.swift */,
				A895A67927ACC67700FFA2AA /* ShowHeroEventsUseCaseMock.swift */,
				A895A63827AB922800FFA2AA /* ListViewMock.swift */,
				A895A67B27ACC72C00FFA2AA /* DetailViewMock.swift */,
				A895A68A27ACD13000FFA2AA /* ListPresenterMock.swift */,
				A895A69027ACDA2900FFA2AA /* DetailPresenterMock.swift */,
				A895A68C27ACD2DE00FFA2AA /* NavigationControllerMock.swift */,
			);
			path = Mocks;
			sourceTree = "<group>";
		};
		A895A61427AB765800FFA2AA /* JSON */ = {
			isa = PBXGroup;
			children = (
				A895A61527AB766D00FFA2AA /* GET_getHeroes_200.json */,
				A895A61727AB7AFF00FFA2AA /* GET_getHeroes_400.json */,
				A895A65A27AC3B2400FFA2AA /* GET_getHeroDetail_200.json */,
				A895A65C27AC3BA900FFA2AA /* GET_getHeroDetail_400.json */,
			);
			path = JSON;
			sourceTree = "<group>";
		};
		A895A61D27AB822E00FFA2AA /* Mapper */ = {
			isa = PBXGroup;
			children = (
				A895A61E27AB823900FFA2AA /* HeroModelToEntityMapperTests.swift */,
				A895A62527AB863200FFA2AA /* ListModelToEntityMapperTests.swift */,
				A895A66227AC462F00FFA2AA /* EventsToEntityMapperTests.swift */,
			);
			path = Mapper;
			sourceTree = "<group>";
		};
		A895A62027AB826500FFA2AA /* Utilities */ = {
			isa = PBXGroup;
			children = (
				A895A62127AB827500FFA2AA /* XCTestCase+JSONLoader.swift */,
				A895A62327AB83AC00FFA2AA /* Equatables.swift */,
				A895A69227ADBAA100FFA2AA /* ThumbnailLoaderTests.swift */,
			);
			path = Utilities;
			sourceTree = "<group>";
		};
		A895A62727AB86CC00FFA2AA /* Data */ = {
			isa = PBXGroup;
			children = (
				A895A62827AB86D900FFA2AA /* Repository */,
				A895A61D27AB822E00FFA2AA /* Mapper */,
			);
			path = Data;
			sourceTree = "<group>";
		};
		A895A62827AB86D900FFA2AA /* Repository */ = {
			isa = PBXGroup;
			children = (
				A895A62927AB86EA00FFA2AA /* HeroListApiRepositoryTest.swift */,
			);
			path = Repository;
			sourceTree = "<group>";
		};
		A895A62D27AB8B0A00FFA2AA /* Domain */ = {
			isa = PBXGroup;
			children = (
				A895A62E27AB8B1300FFA2AA /* UseCase */,
			);
			path = Domain;
			sourceTree = "<group>";
		};
		A895A62E27AB8B1300FFA2AA /* UseCase */ = {
			isa = PBXGroup;
			children = (
				A895A62F27AB8B2800FFA2AA /* ShowHeroListUseCaseTests.swift */,
				A895A66627AC481400FFA2AA /* ShowHeroEventsUseCaseTests.swift */,
			);
			path = UseCase;
			sourceTree = "<group>";
		};
		A895A63327AB8EBB00FFA2AA /* View */ = {
			isa = PBXGroup;
			children = (
				A895A67627ACC5E700FFA2AA /* Hero */,
				A895A67527ACC5DE00FFA2AA /* List */,
			);
			path = View;
			sourceTree = "<group>";
		};
		A895A63A27AB98B600FFA2AA /* Cell */ = {
			isa = PBXGroup;
			children = (
				A895A63B27AB98C400FFA2AA /* HeroListCellTests.swift */,
			);
			path = Cell;
			sourceTree = "<group>";
		};
		A895A64127AB9E8A00FFA2AA /* Core */ = {
			isa = PBXGroup;
			children = (
				A895A69427AE210500FFA2AA /* Factory */,
				A895A64227AB9E9A00FFA2AA /* Infrastructure */,
			);
			path = Core;
			sourceTree = "<group>";
		};
		A895A64227AB9E9A00FFA2AA /* Infrastructure */ = {
			isa = PBXGroup;
			children = (
				A895A64527ABA1B100FFA2AA /* ErrorModelToEntityMapperTests.swift */,
			);
			path = Infrastructure;
			sourceTree = "<group>";
		};
		A895A64827AC235E00FFA2AA /* Modules */ = {
			isa = PBXGroup;
			children = (
				A895A5C027AAFA5B00FFA2AA /* Heroes */,
			);
			path = Modules;
			sourceTree = "<group>";
		};
		A895A64927AC255600FFA2AA /* Factory */ = {
			isa = PBXGroup;
			children = (
				A895A5E627AB09FF00FFA2AA /* ViewControllerFactory.swift */,
				A895A5EA27AB0A6100FFA2AA /* ViewControllerFactoryType.swift */,
			);
			path = Factory;
			sourceTree = "<group>";
		};
		A895A64A27AC292100FFA2AA /* Detail */ = {
			isa = PBXGroup;
			children = (
				A895A66C27AC4B7100FFA2AA /* Cell */,
				A895A64C27AC2B0C00FFA2AA /* DetailViewController.swift */,
				A895A66827AC4A4C00FFA2AA /* DetailViewCellType.swift */,
				A895A66F27AC565100FFA2AA /* DetailPresenter.swift */,
				A895A67127AC565F00FFA2AA /* DetailPresenterProtocol.swift */,
				A895A67327AC567600FFA2AA /* DetailView.swift */,
				A895A68627ACCFDB00FFA2AA /* DetailConstants.swift */,
			);
			path = Detail;
			sourceTree = "<group>";
		};
		A895A64B27AC295000FFA2AA /* List */ = {
			isa = PBXGroup;
			children = (
				A895A5F827AB3B1000FFA2AA /* Cell */,
				A895A57227AAE6B200FFA2AA /* ListViewController.swift */,
				A895A5F027AB2E5C00FFA2AA /* ListPresenterProtocol.swift */,
				A895A5F227AB2E7400FFA2AA /* ListPresenter.swift */,
				A895A5F427AB2E8E00FFA2AA /* ListView.swift */,
			);
			path = List;
			sourceTree = "<group>";
		};
		A895A64E27AC35D700FFA2AA /* List */ = {
			isa = PBXGroup;
			children = (
				A895A5A927AAF50000FFA2AA /* HeroEntity.swift */,
				A895A5C327AAFA8B00FFA2AA /* ListEntity.swift */,
				A895A5BD27AAF8F200FFA2AA /* DataEntity.swift */,
			);
			path = List;
			sourceTree = "<group>";
		};
		A895A64F27AC35E400FFA2AA /* Detail */ = {
			isa = PBXGroup;
			children = (
				A895A65027AC35F700FFA2AA /* ListDetailEntity.swift */,
				A895A65227AC366D00FFA2AA /* DataDetailEntity.swift */,
				A895A65427AC36E700FFA2AA /* EventsDetailEntity.swift */,
				A895A65627AC376300FFA2AA /* EventDetailEntity.swift */,
				A895A65827AC379300FFA2AA /* EventItemDetailEntity.swift */,
			);
			path = Detail;
			sourceTree = "<group>";
		};
		A895A66C27AC4B7100FFA2AA /* Cell */ = {
			isa = PBXGroup;
			children = (
				A895A66A27AC4B6C00FFA2AA /* HeroDetailAvatarCell.swift */,
				A895A68027ACC96D00FFA2AA /* HeroDetailAvatarCellConstants.swift */,
				A895A66D27AC516500FFA2AA /* HeroDetailEventsCell.swift */,
				A895A68227ACCAD800FFA2AA /* HeroDetailEventsCellConstants.swift */,
			);
			path = Cell;
			sourceTree = "<group>";
		};
		A895A67527ACC5DE00FFA2AA /* List */ = {
			isa = PBXGroup;
			children = (
				A895A63A27AB98B600FFA2AA /* Cell */,
				A895A63427AB8EE100FFA2AA /* ListPresenterTests.swift */,
				A895A68827ACD0FB00FFA2AA /* ListViewControllerTests.swift */,
			);
			path = List;
			sourceTree = "<group>";
		};
		A895A67627ACC5E700FFA2AA /* Hero */ = {
			isa = PBXGroup;
			children = (
				A895A67D27ACC8A900FFA2AA /* Cell */,
				A895A67727ACC62000FFA2AA /* DetailPresenterTests.swift */,
				A895A68E27ACD9E000FFA2AA /* DetailViewControllerTests.swift */,
			);
			path = Hero;
			sourceTree = "<group>";
		};
		A895A67D27ACC8A900FFA2AA /* Cell */ = {
			isa = PBXGroup;
			children = (
				A895A67E27ACC92F00FFA2AA /* HeroDetailAvatarCellTests.swift */,
				A895A68427ACCD5400FFA2AA /* HeroDetailEventsCellTests.swift */,
			);
			path = Cell;
			sourceTree = "<group>";
		};
		A895A69427AE210500FFA2AA /* Factory */ = {
			isa = PBXGroup;
			children = (
				A895A69527AE213400FFA2AA /* ViewControllerFactoryTests.swift */,
			);
			path = Factory;
			sourceTree = "<group>";
		};
/* End PBXGroup section */

/* Begin PBXNativeTarget section */
		A895A56A27AAE6B200FFA2AA /* MarvelList */ = {
			isa = PBXNativeTarget;
			buildConfigurationList = A895A59527AAE6B500FFA2AA /* Build configuration list for PBXNativeTarget "MarvelList" */;
			buildPhases = (
				A895A56727AAE6B200FFA2AA /* Sources */,
				A895A56827AAE6B200FFA2AA /* Frameworks */,
				A895A56927AAE6B200FFA2AA /* Resources */,
			);
			buildRules = (
			);
			dependencies = (
			);
			name = MarvelList;
			productName = MarvelList;
			productReference = A895A56B27AAE6B200FFA2AA /* MarvelList.app */;
			productType = "com.apple.product-type.application";
		};
		A895A58027AAE6B400FFA2AA /* MarvelListTests */ = {
			isa = PBXNativeTarget;
			buildConfigurationList = A895A59827AAE6B500FFA2AA /* Build configuration list for PBXNativeTarget "MarvelListTests" */;
			buildPhases = (
				A895A57D27AAE6B400FFA2AA /* Sources */,
				A895A57E27AAE6B400FFA2AA /* Frameworks */,
				A895A57F27AAE6B400FFA2AA /* Resources */,
			);
			buildRules = (
			);
			dependencies = (
				A895A58327AAE6B400FFA2AA /* PBXTargetDependency */,
			);
			name = MarvelListTests;
			productName = MarvelListTests;
			productReference = A895A58127AAE6B400FFA2AA /* MarvelListTests.xctest */;
			productType = "com.apple.product-type.bundle.unit-test";
		};
		A895A58B27AAE6B500FFA2AA /* MarvelListUITests */ = {
			isa = PBXNativeTarget;
			buildConfigurationList = A895A59B27AAE6B500FFA2AA /* Build configuration list for PBXNativeTarget "MarvelListUITests" */;
			buildPhases = (
				A895A58827AAE6B500FFA2AA /* Sources */,
				A895A58927AAE6B500FFA2AA /* Frameworks */,
				A895A58A27AAE6B500FFA2AA /* Resources */,
			);
			buildRules = (
			);
			dependencies = (
				A895A58E27AAE6B500FFA2AA /* PBXTargetDependency */,
			);
			name = MarvelListUITests;
			productName = MarvelListUITests;
			productReference = A895A58C27AAE6B500FFA2AA /* MarvelListUITests.xctest */;
			productType = "com.apple.product-type.bundle.ui-testing";
		};
/* End PBXNativeTarget section */

/* Begin PBXProject section */
		A895A56327AAE6B200FFA2AA /* Project object */ = {
			isa = PBXProject;
			attributes = {
				LastSwiftUpdateCheck = 1250;
				LastUpgradeCheck = 1250;
				TargetAttributes = {
					A895A56A27AAE6B200FFA2AA = {
						CreatedOnToolsVersion = 12.5;
					};
					A895A58027AAE6B400FFA2AA = {
						CreatedOnToolsVersion = 12.5;
						TestTargetID = A895A56A27AAE6B200FFA2AA;
					};
					A895A58B27AAE6B500FFA2AA = {
						CreatedOnToolsVersion = 12.5;
						TestTargetID = A895A56A27AAE6B200FFA2AA;
					};
				};
			};
			buildConfigurationList = A895A56627AAE6B200FFA2AA /* Build configuration list for PBXProject "MarvelList" */;
			compatibilityVersion = "Xcode 9.3";
			developmentRegion = en;
			hasScannedForEncodings = 0;
			knownRegions = (
				en,
				Base,
			);
			mainGroup = A895A56227AAE6B200FFA2AA;
			productRefGroup = A895A56C27AAE6B200FFA2AA /* Products */;
			projectDirPath = "";
			projectRoot = "";
			targets = (
				A895A56A27AAE6B200FFA2AA /* MarvelList */,
				A895A58027AAE6B400FFA2AA /* MarvelListTests */,
				A895A58B27AAE6B500FFA2AA /* MarvelListUITests */,
			);
		};
/* End PBXProject section */

/* Begin PBXResourcesBuildPhase section */
		A895A56927AAE6B200FFA2AA /* Resources */ = {
			isa = PBXResourcesBuildPhase;
			buildActionMask = 2147483647;
			files = (
				A895A57B27AAE6B400FFA2AA /* LaunchScreen.storyboard in Resources */,
				A895A57827AAE6B400FFA2AA /* Assets.xcassets in Resources */,
			);
			runOnlyForDeploymentPostprocessing = 0;
		};
		A895A57F27AAE6B400FFA2AA /* Resources */ = {
			isa = PBXResourcesBuildPhase;
			buildActionMask = 2147483647;
			files = (
				A895A65D27AC3BAA00FFA2AA /* GET_getHeroDetail_400.json in Resources */,
				A895A61827AB7AFF00FFA2AA /* GET_getHeroes_400.json in Resources */,
				A895A65B27AC3B2400FFA2AA /* GET_getHeroDetail_200.json in Resources */,
				A895A61627AB766D00FFA2AA /* GET_getHeroes_200.json in Resources */,
			);
			runOnlyForDeploymentPostprocessing = 0;
		};
		A895A58A27AAE6B500FFA2AA /* Resources */ = {
			isa = PBXResourcesBuildPhase;
			buildActionMask = 2147483647;
			files = (
			);
			runOnlyForDeploymentPostprocessing = 0;
		};
/* End PBXResourcesBuildPhase section */

/* Begin PBXSourcesBuildPhase section */
		A895A56727AAE6B200FFA2AA /* Sources */ = {
			isa = PBXSourcesBuildPhase;
			buildActionMask = 2147483647;
			files = (
				A895A68727ACCFDB00FFA2AA /* DetailConstants.swift in Sources */,
				A895A5B927AAF73700FFA2AA /* ErrorEntity.swift in Sources */,
				A895A60427AB6C3F00FFA2AA /* Constants.swift in Sources */,
				A895A5EB27AB0A6100FFA2AA /* ViewControllerFactoryType.swift in Sources */,
				A895A66527AC476F00FFA2AA /* ShowHeroEventsUseCase.swift in Sources */,
				A895A5FD27AB424000FFA2AA /* ThumbnailLoader.swift in Sources */,
				A895A60727AB6CD600FFA2AA /* DomainNetwork.swift in Sources */,
				A895A5AE27AAF61A00FFA2AA /* HeroesRestApi.swift in Sources */,
				A895A5C427AAFA8B00FFA2AA /* ListEntity.swift in Sources */,
				A895A5F127AB2E5C00FFA2AA /* ListPresenterProtocol.swift in Sources */,
				A895A5B427AAF6D000FFA2AA /* HeroesNSURLRestApi.swift in Sources */,
				A895A5E227AB070F00FFA2AA /* HeroesServiceLocator.swift in Sources */,
				A895A66127AC42A500FFA2AA /* EventsToEntityMapper.swift in Sources */,
				A895A5D427AB00BB00FFA2AA /* Mapper.swift in Sources */,
				A895A65327AC366D00FFA2AA /* DataDetailEntity.swift in Sources */,
				A895A65F27AC41C300FFA2AA /* Event.swift in Sources */,
				A895A67227AC565F00FFA2AA /* DetailPresenterProtocol.swift in Sources */,
				A895A5DF27AB064300FFA2AA /* ShowHeroListUseCase.swift in Sources */,
				A895A57327AAE6B200FFA2AA /* ListViewController.swift in Sources */,
				A895A5FF27AB693C00FFA2AA /* Digits.swift in Sources */,
				A895A5F327AB2E7400FFA2AA /* ListPresenter.swift in Sources */,
				A895A5C927AAFEED00FFA2AA /* HeroesRepository.swift in Sources */,
				A895A5CB27AAFF2300FFA2AA /* HeroesApiRepository.swift in Sources */,
				A895A5FA27AB3B3500FFA2AA /* HeroListCell.swift in Sources */,
				A895A66E27AC516500FFA2AA /* HeroDetailEventsCell.swift in Sources */,
				A895A5EF27AB2C1A00FFA2AA /* ListModelToEntityMapper.swift in Sources */,
				A895A60B27AB6DDE00FFA2AA /* Endpoint.swift in Sources */,
				A895A5BC27AAF82E00FFA2AA /* HTTPMethod.swift in Sources */,
				A895A60927AB6D5D00FFA2AA /* HeroesNetwork.swift in Sources */,
				A895A5F727AB39D800FFA2AA /* Typealias.swift in Sources */,
				A895A65527AC36E700FFA2AA /* EventsDetailEntity.swift in Sources */,
				A895A56F27AAE6B200FFA2AA /* AppDelegate.swift in Sources */,
				A895A5E527AB08D000FFA2AA /* ListConstants.swift in Sources */,
				A895A5D727AB018100FFA2AA /* HeroModelToEntityMapper.swift in Sources */,
				A895A67427AC567600FFA2AA /* DetailView.swift in Sources */,
				A895A5D927AB03BC00FFA2AA /* ErrorModelToEntityMapper.swift in Sources */,
				A895A67027AC565100FFA2AA /* DetailPresenter.swift in Sources */,
				A895A60127AB699E00FFA2AA /* HeroListCellConstants.swift in Sources */,
				A895A68327ACCAD800FFA2AA /* HeroDetailEventsCellConstants.swift in Sources */,
				A895A5D227AB003600FFA2AA /* Hero.swift in Sources */,
				A895A68127ACC96E00FFA2AA /* HeroDetailAvatarCellConstants.swift in Sources */,
				A895A64D27AC2B0C00FFA2AA /* DetailViewController.swift in Sources */,
				A895A5AA27AAF50000FFA2AA /* HeroEntity.swift in Sources */,
				A895A57127AAE6B200FFA2AA /* SceneDelegate.swift in Sources */,
				A895A66B27AC4B6C00FFA2AA /* HeroDetailAvatarCell.swift in Sources */,
				A895A5DD27AB05D600FFA2AA /* UseCase.swift in Sources */,
				A895A5CF27AAFFD500FFA2AA /* ErrorModel.swift in Sources */,
				A895A65927AC379300FFA2AA /* EventItemDetailEntity.swift in Sources */,
				A895A65727AC376300FFA2AA /* EventDetailEntity.swift in Sources */,
				A895A66927AC4A4C00FFA2AA /* DetailViewCellType.swift in Sources */,
				A895A65127AC35F700FFA2AA /* ListDetailEntity.swift in Sources */,
				A895A5F527AB2E8F00FFA2AA /* ListView.swift in Sources */,
				A895A5BE27AAF8F200FFA2AA /* DataEntity.swift in Sources */,
				A895A5E727AB09FF00FFA2AA /* ViewControllerFactory.swift in Sources */,
				A895A5ED27AB2BCB00FFA2AA /* ListData.swift in Sources */,
			);
			runOnlyForDeploymentPostprocessing = 0;
		};
		A895A57D27AAE6B400FFA2AA /* Sources */ = {
			isa = PBXSourcesBuildPhase;
			buildActionMask = 2147483647;
			files = (
				A895A62627AB863200FFA2AA /* ListModelToEntityMapperTests.swift in Sources */,
				A895A61C27AB812300FFA2AA /* HeroListNetworkTest.swift in Sources */,
				A895A67A27ACC67700FFA2AA /* ShowHeroEventsUseCaseMock.swift in Sources */,
				A895A69327ADBAA100FFA2AA /* ThumbnailLoaderTests.swift in Sources */,
				A895A68927ACD0FB00FFA2AA /* ListViewControllerTests.swift in Sources */,
				A895A68B27ACD13000FFA2AA /* ListPresenterMock.swift in Sources */,
				A895A66727AC481400FFA2AA /* ShowHeroEventsUseCaseTests.swift in Sources */,
				A895A64627ABA1B100FFA2AA /* ErrorModelToEntityMapperTests.swift in Sources */,
				A895A63027AB8B2800FFA2AA /* ShowHeroListUseCaseTests.swift in Sources */,
				A895A62427AB83AC00FFA2AA /* Equatables.swift in Sources */,
				A895A63527AB8EE100FFA2AA /* ListPresenterTests.swift in Sources */,
				A895A61227AB75B200FFA2AA /* URLSessionMock.swift in Sources */,
				A895A68F27ACD9E000FFA2AA /* DetailViewControllerTests.swift in Sources */,
				A895A62C27AB872000FFA2AA /* HeroListRestApiMock.swift in Sources */,
				A895A61327AB75B200FFA2AA /* URLSessionDataTaskMock.swift in Sources */,
				A895A63927AB922800FFA2AA /* ListViewMock.swift in Sources */,
				A895A63227AB8B6700FFA2AA /* HeroListRepositoryMock.swift in Sources */,
				A895A61F27AB823900FFA2AA /* HeroModelToEntityMapperTests.swift in Sources */,
				A895A63C27AB98C400FFA2AA /* HeroListCellTests.swift in Sources */,
				A895A67C27ACC72C00FFA2AA /* DetailViewMock.swift in Sources */,
				A895A69127ACDA2900FFA2AA /* DetailPresenterMock.swift in Sources */,
				A895A62227AB827500FFA2AA /* XCTestCase+JSONLoader.swift in Sources */,
				A895A68D27ACD2DE00FFA2AA /* NavigationControllerMock.swift in Sources */,
				A895A58627AAE6B400FFA2AA /* MarvelListTests.swift in Sources */,
				A895A66327AC462F00FFA2AA /* EventsToEntityMapperTests.swift in Sources */,
				A895A60E27AB755100FFA2AA /* HeroListNSURLRestApiTests.swift in Sources */,
				A895A67F27ACC92F00FFA2AA /* HeroDetailAvatarCellTests.swift in Sources */,
				A895A62A27AB86EA00FFA2AA /* HeroListApiRepositoryTest.swift in Sources */,
				A895A63727AB8F3300FFA2AA /* ShowHeroesUseCaseMock.swift in Sources */,
				A895A69627AE213400FFA2AA /* ViewControllerFactoryTests.swift in Sources */,
				A895A61A27AB7CC400FFA2AA /* HeroListNetworkMock.swift in Sources */,
				A895A67827ACC62000FFA2AA /* DetailPresenterTests.swift in Sources */,
				A895A68527ACCD5400FFA2AA /* HeroDetailEventsCellTests.swift in Sources */,
			);
			runOnlyForDeploymentPostprocessing = 0;
		};
		A895A58827AAE6B500FFA2AA /* Sources */ = {
			isa = PBXSourcesBuildPhase;
			buildActionMask = 2147483647;
			files = (
				A895A59127AAE6B500FFA2AA /* MarvelListUITests.swift in Sources */,
			);
			runOnlyForDeploymentPostprocessing = 0;
		};
/* End PBXSourcesBuildPhase section */

/* Begin PBXTargetDependency section */
		A895A58327AAE6B400FFA2AA /* PBXTargetDependency */ = {
			isa = PBXTargetDependency;
			target = A895A56A27AAE6B200FFA2AA /* MarvelList */;
			targetProxy = A895A58227AAE6B400FFA2AA /* PBXContainerItemProxy */;
		};
		A895A58E27AAE6B500FFA2AA /* PBXTargetDependency */ = {
			isa = PBXTargetDependency;
			target = A895A56A27AAE6B200FFA2AA /* MarvelList */;
			targetProxy = A895A58D27AAE6B500FFA2AA /* PBXContainerItemProxy */;
		};
/* End PBXTargetDependency section */

/* Begin PBXVariantGroup section */
		A895A57927AAE6B400FFA2AA /* LaunchScreen.storyboard */ = {
			isa = PBXVariantGroup;
			children = (
				A895A57A27AAE6B400FFA2AA /* Base */,
			);
			name = LaunchScreen.storyboard;
			sourceTree = "<group>";
		};
/* End PBXVariantGroup section */

/* Begin XCBuildConfiguration section */
		A895A59327AAE6B500FFA2AA /* Debug */ = {
			isa = XCBuildConfiguration;
			buildSettings = {
				ALWAYS_SEARCH_USER_PATHS = NO;
				CLANG_ANALYZER_NONNULL = YES;
				CLANG_ANALYZER_NUMBER_OBJECT_CONVERSION = YES_AGGRESSIVE;
				CLANG_CXX_LANGUAGE_STANDARD = "gnu++14";
				CLANG_CXX_LIBRARY = "libc++";
				CLANG_ENABLE_MODULES = YES;
				CLANG_ENABLE_OBJC_ARC = YES;
				CLANG_ENABLE_OBJC_WEAK = YES;
				CLANG_WARN_BLOCK_CAPTURE_AUTORELEASING = YES;
				CLANG_WARN_BOOL_CONVERSION = YES;
				CLANG_WARN_COMMA = YES;
				CLANG_WARN_CONSTANT_CONVERSION = YES;
				CLANG_WARN_DEPRECATED_OBJC_IMPLEMENTATIONS = YES;
				CLANG_WARN_DIRECT_OBJC_ISA_USAGE = YES_ERROR;
				CLANG_WARN_DOCUMENTATION_COMMENTS = YES;
				CLANG_WARN_EMPTY_BODY = YES;
				CLANG_WARN_ENUM_CONVERSION = YES;
				CLANG_WARN_INFINITE_RECURSION = YES;
				CLANG_WARN_INT_CONVERSION = YES;
				CLANG_WARN_NON_LITERAL_NULL_CONVERSION = YES;
				CLANG_WARN_OBJC_IMPLICIT_RETAIN_SELF = YES;
				CLANG_WARN_OBJC_LITERAL_CONVERSION = YES;
				CLANG_WARN_OBJC_ROOT_CLASS = YES_ERROR;
				CLANG_WARN_QUOTED_INCLUDE_IN_FRAMEWORK_HEADER = YES;
				CLANG_WARN_RANGE_LOOP_ANALYSIS = YES;
				CLANG_WARN_STRICT_PROTOTYPES = YES;
				CLANG_WARN_SUSPICIOUS_MOVE = YES;
				CLANG_WARN_UNGUARDED_AVAILABILITY = YES_AGGRESSIVE;
				CLANG_WARN_UNREACHABLE_CODE = YES;
				CLANG_WARN__DUPLICATE_METHOD_MATCH = YES;
				COPY_PHASE_STRIP = NO;
				DEBUG_INFORMATION_FORMAT = dwarf;
				ENABLE_STRICT_OBJC_MSGSEND = YES;
				ENABLE_TESTABILITY = YES;
				GCC_C_LANGUAGE_STANDARD = gnu11;
				GCC_DYNAMIC_NO_PIC = NO;
				GCC_NO_COMMON_BLOCKS = YES;
				GCC_OPTIMIZATION_LEVEL = 0;
				GCC_PREPROCESSOR_DEFINITIONS = (
					"DEBUG=1",
					"$(inherited)",
				);
				GCC_WARN_64_TO_32_BIT_CONVERSION = YES;
				GCC_WARN_ABOUT_RETURN_TYPE = YES_ERROR;
				GCC_WARN_UNDECLARED_SELECTOR = YES;
				GCC_WARN_UNINITIALIZED_AUTOS = YES_AGGRESSIVE;
				GCC_WARN_UNUSED_FUNCTION = YES;
				GCC_WARN_UNUSED_VARIABLE = YES;
				IPHONEOS_DEPLOYMENT_TARGET = 13.0;
				MTL_ENABLE_DEBUG_INFO = INCLUDE_SOURCE;
				MTL_FAST_MATH = YES;
				ONLY_ACTIVE_ARCH = YES;
				SDKROOT = iphoneos;
				SWIFT_ACTIVE_COMPILATION_CONDITIONS = DEBUG;
				SWIFT_OPTIMIZATION_LEVEL = "-Onone";
			};
			name = Debug;
		};
		A895A59427AAE6B500FFA2AA /* Release */ = {
			isa = XCBuildConfiguration;
			buildSettings = {
				ALWAYS_SEARCH_USER_PATHS = NO;
				CLANG_ANALYZER_NONNULL = YES;
				CLANG_ANALYZER_NUMBER_OBJECT_CONVERSION = YES_AGGRESSIVE;
				CLANG_CXX_LANGUAGE_STANDARD = "gnu++14";
				CLANG_CXX_LIBRARY = "libc++";
				CLANG_ENABLE_MODULES = YES;
				CLANG_ENABLE_OBJC_ARC = YES;
				CLANG_ENABLE_OBJC_WEAK = YES;
				CLANG_WARN_BLOCK_CAPTURE_AUTORELEASING = YES;
				CLANG_WARN_BOOL_CONVERSION = YES;
				CLANG_WARN_COMMA = YES;
				CLANG_WARN_CONSTANT_CONVERSION = YES;
				CLANG_WARN_DEPRECATED_OBJC_IMPLEMENTATIONS = YES;
				CLANG_WARN_DIRECT_OBJC_ISA_USAGE = YES_ERROR;
				CLANG_WARN_DOCUMENTATION_COMMENTS = YES;
				CLANG_WARN_EMPTY_BODY = YES;
				CLANG_WARN_ENUM_CONVERSION = YES;
				CLANG_WARN_INFINITE_RECURSION = YES;
				CLANG_WARN_INT_CONVERSION = YES;
				CLANG_WARN_NON_LITERAL_NULL_CONVERSION = YES;
				CLANG_WARN_OBJC_IMPLICIT_RETAIN_SELF = YES;
				CLANG_WARN_OBJC_LITERAL_CONVERSION = YES;
				CLANG_WARN_OBJC_ROOT_CLASS = YES_ERROR;
				CLANG_WARN_QUOTED_INCLUDE_IN_FRAMEWORK_HEADER = YES;
				CLANG_WARN_RANGE_LOOP_ANALYSIS = YES;
				CLANG_WARN_STRICT_PROTOTYPES = YES;
				CLANG_WARN_SUSPICIOUS_MOVE = YES;
				CLANG_WARN_UNGUARDED_AVAILABILITY = YES_AGGRESSIVE;
				CLANG_WARN_UNREACHABLE_CODE = YES;
				CLANG_WARN__DUPLICATE_METHOD_MATCH = YES;
				COPY_PHASE_STRIP = NO;
				DEBUG_INFORMATION_FORMAT = "dwarf-with-dsym";
				ENABLE_NS_ASSERTIONS = NO;
				ENABLE_STRICT_OBJC_MSGSEND = YES;
				GCC_C_LANGUAGE_STANDARD = gnu11;
				GCC_NO_COMMON_BLOCKS = YES;
				GCC_WARN_64_TO_32_BIT_CONVERSION = YES;
				GCC_WARN_ABOUT_RETURN_TYPE = YES_ERROR;
				GCC_WARN_UNDECLARED_SELECTOR = YES;
				GCC_WARN_UNINITIALIZED_AUTOS = YES_AGGRESSIVE;
				GCC_WARN_UNUSED_FUNCTION = YES;
				GCC_WARN_UNUSED_VARIABLE = YES;
				IPHONEOS_DEPLOYMENT_TARGET = 13.0;
				MTL_ENABLE_DEBUG_INFO = NO;
				MTL_FAST_MATH = YES;
				SDKROOT = iphoneos;
				SWIFT_COMPILATION_MODE = wholemodule;
				SWIFT_OPTIMIZATION_LEVEL = "-O";
				VALIDATE_PRODUCT = YES;
			};
			name = Release;
		};
		A895A59627AAE6B500FFA2AA /* Debug */ = {
			isa = XCBuildConfiguration;
			buildSettings = {
				ASSETCATALOG_COMPILER_APPICON_NAME = AppIcon;
				ASSETCATALOG_COMPILER_GLOBAL_ACCENT_COLOR_NAME = AccentColor;
				CODE_SIGN_STYLE = Automatic;
				INFOPLIST_FILE = MarvelList/Info.plist;
				LD_RUNPATH_SEARCH_PATHS = (
					"$(inherited)",
					"@executable_path/Frameworks",
				);
				PRODUCT_BUNDLE_IDENTIFIER = con.patriciofarina.MarvelList;
				PRODUCT_NAME = "$(TARGET_NAME)";
				SWIFT_VERSION = 5.0;
				TARGETED_DEVICE_FAMILY = 1;
			};
			name = Debug;
		};
		A895A59727AAE6B500FFA2AA /* Release */ = {
			isa = XCBuildConfiguration;
			buildSettings = {
				ASSETCATALOG_COMPILER_APPICON_NAME = AppIcon;
				ASSETCATALOG_COMPILER_GLOBAL_ACCENT_COLOR_NAME = AccentColor;
				CODE_SIGN_STYLE = Automatic;
				INFOPLIST_FILE = MarvelList/Info.plist;
				LD_RUNPATH_SEARCH_PATHS = (
					"$(inherited)",
					"@executable_path/Frameworks",
				);
				PRODUCT_BUNDLE_IDENTIFIER = con.patriciofarina.MarvelList;
				PRODUCT_NAME = "$(TARGET_NAME)";
				SWIFT_VERSION = 5.0;
				TARGETED_DEVICE_FAMILY = 1;
			};
			name = Release;
		};
		A895A59927AAE6B500FFA2AA /* Debug */ = {
			isa = XCBuildConfiguration;
			buildSettings = {
				ALWAYS_EMBED_SWIFT_STANDARD_LIBRARIES = YES;
				BUNDLE_LOADER = "$(TEST_HOST)";
				CODE_SIGN_STYLE = Automatic;
				INFOPLIST_FILE = MarvelListTests/Info.plist;
				IPHONEOS_DEPLOYMENT_TARGET = 14.5;
				LD_RUNPATH_SEARCH_PATHS = (
					"$(inherited)",
					"@executable_path/Frameworks",
					"@loader_path/Frameworks",
				);
				PRODUCT_BUNDLE_IDENTIFIER = con.patriciofarina.MarvelListTests;
				PRODUCT_NAME = "$(TARGET_NAME)";
				SWIFT_VERSION = 5.0;
				TARGETED_DEVICE_FAMILY = "1,2";
				TEST_HOST = "$(BUILT_PRODUCTS_DIR)/MarvelList.app/MarvelList";
			};
			name = Debug;
		};
		A895A59A27AAE6B500FFA2AA /* Release */ = {
			isa = XCBuildConfiguration;
			buildSettings = {
				ALWAYS_EMBED_SWIFT_STANDARD_LIBRARIES = YES;
				BUNDLE_LOADER = "$(TEST_HOST)";
				CODE_SIGN_STYLE = Automatic;
				INFOPLIST_FILE = MarvelListTests/Info.plist;
				IPHONEOS_DEPLOYMENT_TARGET = 14.5;
				LD_RUNPATH_SEARCH_PATHS = (
					"$(inherited)",
					"@executable_path/Frameworks",
					"@loader_path/Frameworks",
				);
				PRODUCT_BUNDLE_IDENTIFIER = con.patriciofarina.MarvelListTests;
				PRODUCT_NAME = "$(TARGET_NAME)";
				SWIFT_VERSION = 5.0;
				TARGETED_DEVICE_FAMILY = "1,2";
				TEST_HOST = "$(BUILT_PRODUCTS_DIR)/MarvelList.app/MarvelList";
			};
			name = Release;
		};
		A895A59C27AAE6B500FFA2AA /* Debug */ = {
			isa = XCBuildConfiguration;
			buildSettings = {
				ALWAYS_EMBED_SWIFT_STANDARD_LIBRARIES = YES;
				CODE_SIGN_STYLE = Automatic;
				INFOPLIST_FILE = MarvelListUITests/Info.plist;
				LD_RUNPATH_SEARCH_PATHS = (
					"$(inherited)",
					"@executable_path/Frameworks",
					"@loader_path/Frameworks",
				);
				PRODUCT_BUNDLE_IDENTIFIER = con.patriciofarina.MarvelListUITests;
				PRODUCT_NAME = "$(TARGET_NAME)";
				SWIFT_VERSION = 5.0;
				TARGETED_DEVICE_FAMILY = "1,2";
				TEST_TARGET_NAME = MarvelList;
			};
			name = Debug;
		};
		A895A59D27AAE6B500FFA2AA /* Release */ = {
			isa = XCBuildConfiguration;
			buildSettings = {
				ALWAYS_EMBED_SWIFT_STANDARD_LIBRARIES = YES;
				CODE_SIGN_STYLE = Automatic;
				INFOPLIST_FILE = MarvelListUITests/Info.plist;
				LD_RUNPATH_SEARCH_PATHS = (
					"$(inherited)",
					"@executable_path/Frameworks",
					"@loader_path/Frameworks",
				);
				PRODUCT_BUNDLE_IDENTIFIER = con.patriciofarina.MarvelListUITests;
				PRODUCT_NAME = "$(TARGET_NAME)";
				SWIFT_VERSION = 5.0;
				TARGETED_DEVICE_FAMILY = "1,2";
				TEST_TARGET_NAME = MarvelList;
			};
			name = Release;
		};
/* End XCBuildConfiguration section */

/* Begin XCConfigurationList section */
		A895A56627AAE6B200FFA2AA /* Build configuration list for PBXProject "MarvelList" */ = {
			isa = XCConfigurationList;
			buildConfigurations = (
				A895A59327AAE6B500FFA2AA /* Debug */,
				A895A59427AAE6B500FFA2AA /* Release */,
			);
			defaultConfigurationIsVisible = 0;
			defaultConfigurationName = Release;
		};
		A895A59527AAE6B500FFA2AA /* Build configuration list for PBXNativeTarget "MarvelList" */ = {
			isa = XCConfigurationList;
			buildConfigurations = (
				A895A59627AAE6B500FFA2AA /* Debug */,
				A895A59727AAE6B500FFA2AA /* Release */,
			);
			defaultConfigurationIsVisible = 0;
			defaultConfigurationName = Release;
		};
		A895A59827AAE6B500FFA2AA /* Build configuration list for PBXNativeTarget "MarvelListTests" */ = {
			isa = XCConfigurationList;
			buildConfigurations = (
				A895A59927AAE6B500FFA2AA /* Debug */,
				A895A59A27AAE6B500FFA2AA /* Release */,
			);
			defaultConfigurationIsVisible = 0;
			defaultConfigurationName = Release;
		};
		A895A59B27AAE6B500FFA2AA /* Build configuration list for PBXNativeTarget "MarvelListUITests" */ = {
			isa = XCConfigurationList;
			buildConfigurations = (
				A895A59C27AAE6B500FFA2AA /* Debug */,
				A895A59D27AAE6B500FFA2AA /* Release */,
			);
			defaultConfigurationIsVisible = 0;
			defaultConfigurationName = Release;
		};
/* End XCConfigurationList section */
	};
	rootObject = A895A56327AAE6B200FFA2AA /* Project object */;
}
